// !$*UTF8*$!
{
	archiveVersion = 1;
	classes = {
	};
	objectVersion = 46;
	objects = {

/* Begin PBXBuildFile section */
		37A1608C151407BF0058600E /* Cocoa.framework in Frameworks */ = {isa = PBXBuildFile; fileRef = 37A1608B151407BF0058600E /* Cocoa.framework */; };
		37A160AD1514084C0058600E /* KVCMapping.framework in Frameworks */ = {isa = PBXBuildFile; fileRef = 37A1605B1513FC2D0058600E /* KVCMapping.framework */; };
		37A160AE151408660058600E /* CoreData.framework in Frameworks */ = {isa = PBXBuildFile; fileRef = 37A1605F1513FC7E0058600E /* CoreData.framework */; };
		37A160CB151408790058600E /* AppDelegate.m in Sources */ = {isa = PBXBuildFile; fileRef = 37A160B0151408790058600E /* AppDelegate.m */; };
		37A160CC151408790058600E /* CoreDataManager.m in Sources */ = {isa = PBXBuildFile; fileRef = 37A160B2151408790058600E /* CoreDataManager.m */; };
		37A160CE151408790058600E /* main.m in Sources */ = {isa = PBXBuildFile; fileRef = 37A160B4151408790058600E /* main.m */; };
		37A160CF151408790058600E /* MainMenu.xib in Resources */ = {isa = PBXBuildFile; fileRef = 37A160B5151408790058600E /* MainMenu.xib */; };
		37A160D0151408790058600E /* NSError+MultipleErrorsCombined.m in Sources */ = {isa = PBXBuildFile; fileRef = 37A160B7151408790058600E /* NSError+MultipleErrorsCombined.m */; };
		37A160D1151408790058600E /* NSFileManager+Etag.m in Sources */ = {isa = PBXBuildFile; fileRef = 37A160B9151408790058600E /* NSFileManager+Etag.m */; };
		37A160D2151408790058600E /* NSFileManager+ExtendedAttributes.m in Sources */ = {isa = PBXBuildFile; fileRef = 37A160BB151408790058600E /* NSFileManager+ExtendedAttributes.m */; };
		37A160D3151408790058600E /* NSFileManager+StandardPaths.m in Sources */ = {isa = PBXBuildFile; fileRef = 37A160BD151408790058600E /* NSFileManager+StandardPaths.m */; };
		37A160E5151409110058600E /* Radar.m in Sources */ = {isa = PBXBuildFile; fileRef = 37A160DF151409110058600E /* Radar.m */; };
		37A160E6151409110058600E /* _Radar.m in Sources */ = {isa = PBXBuildFile; fileRef = 37A160E2151409110058600E /* _Radar.m */; };
		37A160E7151409110058600E /* Radars.m in Sources */ = {isa = PBXBuildFile; fileRef = 37A160E4151409110058600E /* Radars.m */; };
		37A160EB1514096D0058600E /* Radars.xcdatamodeld in Sources */ = {isa = PBXBuildFile; fileRef = 37A160E91514096D0058600E /* Radars.xcdatamodeld */; };
		37A160EC15140A7A0058600E /* radars.json in Resources */ = {isa = PBXBuildFile; fileRef = 37A160C7151408790058600E /* radars.json */; };
/* End PBXBuildFile section */

/* Begin PBXFileReference section */
		37A1605B1513FC2D0058600E /* KVCMapping.framework */ = {isa = PBXFileReference; lastKnownFileType = wrapper.framework; path = KVCMapping.framework; sourceTree = "<group>"; };
		37A1605F1513FC7E0058600E /* CoreData.framework */ = {isa = PBXFileReference; lastKnownFileType = wrapper.framework; name = CoreData.framework; path = System/Library/Frameworks/CoreData.framework; sourceTree = SDKROOT; };
		37A16089151407BF0058600E /* radarstatistics.app */ = {isa = PBXFileReference; explicitFileType = wrapper.application; includeInIndex = 0; path = radarstatistics.app; sourceTree = BUILT_PRODUCTS_DIR; };
		37A1608B151407BF0058600E /* Cocoa.framework */ = {isa = PBXFileReference; lastKnownFileType = wrapper.framework; name = Cocoa.framework; path = System/Library/Frameworks/Cocoa.framework; sourceTree = SDKROOT; };
		37A1608E151407BF0058600E /* AppKit.framework */ = {isa = PBXFileReference; lastKnownFileType = wrapper.framework; name = AppKit.framework; path = System/Library/Frameworks/AppKit.framework; sourceTree = SDKROOT; };
		37A160AF151408790058600E /* AppDelegate.h */ = {isa = PBXFileReference; fileEncoding = 4; lastKnownFileType = sourcecode.c.h; name = AppDelegate.h; path = files/AppDelegate.h; sourceTree = "<group>"; };
		37A160B0151408790058600E /* AppDelegate.m */ = {isa = PBXFileReference; fileEncoding = 4; lastKnownFileType = sourcecode.c.objc; name = AppDelegate.m; path = files/AppDelegate.m; sourceTree = "<group>"; };
		37A160B1151408790058600E /* CoreDataManager.h */ = {isa = PBXFileReference; fileEncoding = 4; lastKnownFileType = sourcecode.c.h; name = CoreDataManager.h; path = files/CoreDataManager.h; sourceTree = "<group>"; };
		37A160B2151408790058600E /* CoreDataManager.m */ = {isa = PBXFileReference; fileEncoding = 4; lastKnownFileType = sourcecode.c.objc; name = CoreDataManager.m; path = files/CoreDataManager.m; sourceTree = "<group>"; };
		37A160B3151408790058600E /* Info.plist */ = {isa = PBXFileReference; fileEncoding = 4; lastKnownFileType = text.plist.xml; name = Info.plist; path = files/Info.plist; sourceTree = "<group>"; };
		37A160B4151408790058600E /* main.m */ = {isa = PBXFileReference; fileEncoding = 4; lastKnownFileType = sourcecode.c.objc; name = main.m; path = files/main.m; sourceTree = "<group>"; };
		37A160B5151408790058600E /* MainMenu.xib */ = {isa = PBXFileReference; fileEncoding = 4; lastKnownFileType = file.xib; name = MainMenu.xib; path = files/MainMenu.xib; sourceTree = "<group>"; };
		37A160B6151408790058600E /* NSError+MultipleErrorsCombined.h */ = {isa = PBXFileReference; fileEncoding = 4; lastKnownFileType = sourcecode.c.h; name = "NSError+MultipleErrorsCombined.h"; path = "files/NSError+MultipleErrorsCombined.h"; sourceTree = "<group>"; };
		37A160B7151408790058600E /* NSError+MultipleErrorsCombined.m */ = {isa = PBXFileReference; fileEncoding = 4; lastKnownFileType = sourcecode.c.objc; name = "NSError+MultipleErrorsCombined.m"; path = "files/NSError+MultipleErrorsCombined.m"; sourceTree = "<group>"; };
		37A160B8151408790058600E /* NSFileManager+Etag.h */ = {isa = PBXFileReference; fileEncoding = 4; lastKnownFileType = sourcecode.c.h; name = "NSFileManager+Etag.h"; path = "files/NSFileManager+Etag.h"; sourceTree = "<group>"; };
		37A160B9151408790058600E /* NSFileManager+Etag.m */ = {isa = PBXFileReference; fileEncoding = 4; lastKnownFileType = sourcecode.c.objc; name = "NSFileManager+Etag.m"; path = "files/NSFileManager+Etag.m"; sourceTree = "<group>"; };
		37A160BA151408790058600E /* NSFileManager+ExtendedAttributes.h */ = {isa = PBXFileReference; fileEncoding = 4; lastKnownFileType = sourcecode.c.h; name = "NSFileManager+ExtendedAttributes.h"; path = "files/NSFileManager+ExtendedAttributes.h"; sourceTree = "<group>"; };
		37A160BB151408790058600E /* NSFileManager+ExtendedAttributes.m */ = {isa = PBXFileReference; fileEncoding = 4; lastKnownFileType = sourcecode.c.objc; name = "NSFileManager+ExtendedAttributes.m"; path = "files/NSFileManager+ExtendedAttributes.m"; sourceTree = "<group>"; };
		37A160BC151408790058600E /* NSFileManager+StandardPaths.h */ = {isa = PBXFileReference; fileEncoding = 4; lastKnownFileType = sourcecode.c.h; name = "NSFileManager+StandardPaths.h"; path = "files/NSFileManager+StandardPaths.h"; sourceTree = "<group>"; };
		37A160BD151408790058600E /* NSFileManager+StandardPaths.m */ = {isa = PBXFileReference; fileEncoding = 4; lastKnownFileType = sourcecode.c.objc; name = "NSFileManager+StandardPaths.m"; path = "files/NSFileManager+StandardPaths.m"; sourceTree = "<group>"; };
		37A160BE151408790058600E /* Prefix.pch */ = {isa = PBXFileReference; fileEncoding = 4; lastKnownFileType = sourcecode.c.h; name = Prefix.pch; path = files/Prefix.pch; sourceTree = "<group>"; };
		37A160C7151408790058600E /* radars.json */ = {isa = PBXFileReference; fileEncoding = 4; lastKnownFileType = text.json; name = radars.json; path = files/radars.json; sourceTree = "<group>"; };
		37A160DE151409110058600E /* Radar.h */ = {isa = PBXFileReference; fileEncoding = 4; lastKnownFileType = sourcecode.c.h; path = Radar.h; sourceTree = "<group>"; };
		37A160DF151409110058600E /* Radar.m */ = {isa = PBXFileReference; fileEncoding = 4; lastKnownFileType = sourcecode.c.objc; path = Radar.m; sourceTree = "<group>"; };
		37A160E1151409110058600E /* _Radar.h */ = {isa = PBXFileReference; fileEncoding = 4; lastKnownFileType = sourcecode.c.h; path = _Radar.h; sourceTree = "<group>"; };
		37A160E2151409110058600E /* _Radar.m */ = {isa = PBXFileReference; fileEncoding = 4; lastKnownFileType = sourcecode.c.objc; path = _Radar.m; sourceTree = "<group>"; };
		37A160E3151409110058600E /* Radars.h */ = {isa = PBXFileReference; fileEncoding = 4; lastKnownFileType = sourcecode.c.h; path = Radars.h; sourceTree = "<group>"; };
		37A160E4151409110058600E /* Radars.m */ = {isa = PBXFileReference; fileEncoding = 4; lastKnownFileType = sourcecode.c.objc; path = Radars.m; sourceTree = "<group>"; };
		37A160EA1514096D0058600E /* Radars.xcdatamodel */ = {isa = PBXFileReference; lastKnownFileType = wrapper.xcdatamodel; path = Radars.xcdatamodel; sourceTree = "<group>"; };
		37D16D9F1513F78000340A73 /* Foundation.framework */ = {isa = PBXFileReference; lastKnownFileType = wrapper.framework; name = Foundation.framework; path = System/Library/Frameworks/Foundation.framework; sourceTree = SDKROOT; };
/* End PBXFileReference section */

/* Begin PBXFrameworksBuildPhase section */
		37A16086151407BF0058600E /* Frameworks */ = {
			isa = PBXFrameworksBuildPhase;
			buildActionMask = 2147483647;
			files = (
				37A1608C151407BF0058600E /* Cocoa.framework in Frameworks */,
				37A160AD1514084C0058600E /* KVCMapping.framework in Frameworks */,
				37A160AE151408660058600E /* CoreData.framework in Frameworks */,
			);
			runOnlyForDeploymentPostprocessing = 0;
		};
/* End PBXFrameworksBuildPhase section */

/* Begin PBXGroup section */
		37A160571513FC2D0058600E /* OCFW */ = {
			isa = PBXGroup;
			children = (
				37A1605A1513FC2D0058600E /* macosx */,
			);
			name = OCFW;
			path = OCFW/Frameworks;
			sourceTree = "<group>";
		};
		37A1605A1513FC2D0058600E /* macosx */ = {
			isa = PBXGroup;
			children = (
				37A1605B1513FC2D0058600E /* KVCMapping.framework */,
			);
			path = macosx;
			sourceTree = "<group>";
		};
		37A160D9151408B20058600E /* CoreDataManager */ = {
			isa = PBXGroup;
			children = (
				37A160B1151408790058600E /* CoreDataManager.h */,
				37A160B2151408790058600E /* CoreDataManager.m */,
				37A160B6151408790058600E /* NSError+MultipleErrorsCombined.h */,
				37A160B7151408790058600E /* NSError+MultipleErrorsCombined.m */,
				37A160B8151408790058600E /* NSFileManager+Etag.h */,
				37A160B9151408790058600E /* NSFileManager+Etag.m */,
				37A160BA151408790058600E /* NSFileManager+ExtendedAttributes.h */,
				37A160BB151408790058600E /* NSFileManager+ExtendedAttributes.m */,
				37A160BC151408790058600E /* NSFileManager+StandardPaths.h */,
				37A160BD151408790058600E /* NSFileManager+StandardPaths.m */,
			);
			name = CoreDataManager;
			sourceTree = "<group>";
		};
		37A160DB151408E00058600E /* Supporting Files */ = {
			isa = PBXGroup;
			children = (
				37A160B3151408790058600E /* Info.plist */,
				37A160B4151408790058600E /* main.m */,
				37A160BE151408790058600E /* Prefix.pch */,
				37A160C7151408790058600E /* radars.json */,
			);
			name = "Supporting Files";
			sourceTree = "<group>";
		};
		37A160DC151409110058600E /* Model */ = {
			isa = PBXGroup;
			children = (
				37A160DD151409110058600E /* Human */,
				37A160E0151409110058600E /* Machine */,
				37A160E3151409110058600E /* Radars.h */,
				37A160E4151409110058600E /* Radars.m */,
				37A160E91514096D0058600E /* Radars.xcdatamodeld */,
			);
			name = Model;
			path = files/Model;
			sourceTree = "<group>";
		};
		37A160DD151409110058600E /* Human */ = {
			isa = PBXGroup;
			children = (
				37A160DE151409110058600E /* Radar.h */,
				37A160DF151409110058600E /* Radar.m */,
			);
			path = Human;
			sourceTree = "<group>";
		};
		37A160E0151409110058600E /* Machine */ = {
			isa = PBXGroup;
			children = (
				37A160E1151409110058600E /* _Radar.h */,
				37A160E2151409110058600E /* _Radar.m */,
			);
			path = Machine;
			sourceTree = "<group>";
		};
		37D16D901513F78000340A73 = {
			isa = PBXGroup;
			children = (
				37A160AF151408790058600E /* AppDelegate.h */,
				37A160B0151408790058600E /* AppDelegate.m */,
				37A160B5151408790058600E /* MainMenu.xib */,
				37A160DC151409110058600E /* Model */,
				37A160DB151408E00058600E /* Supporting Files */,
				37A160D9151408B20058600E /* CoreDataManager */,
				37A160571513FC2D0058600E /* OCFW */,
				37D16D9E1513F78000340A73 /* Frameworks */,
				37D16D9C1513F78000340A73 /* Products */,
			);
			sourceTree = "<group>";
		};
		37D16D9C1513F78000340A73 /* Products */ = {
			isa = PBXGroup;
			children = (
				37A16089151407BF0058600E /* radarstatistics.app */,
			);
			name = Products;
			sourceTree = "<group>";
		};
		37D16D9E1513F78000340A73 /* Frameworks */ = {
			isa = PBXGroup;
			children = (
				37A1605F1513FC7E0058600E /* CoreData.framework */,
				37D16D9F1513F78000340A73 /* Foundation.framework */,
				37A1608B151407BF0058600E /* Cocoa.framework */,
				37A1608E151407BF0058600E /* AppKit.framework */,
			);
			name = Frameworks;
			sourceTree = "<group>";
		};
/* End PBXGroup section */

/* Begin PBXNativeTarget section */
		37A16088151407BF0058600E /* radarstatistics */ = {
			isa = PBXNativeTarget;
			buildConfigurationList = 37A160A3151407BF0058600E /* Build configuration list for PBXNativeTarget "radarstatistics" */;
			buildPhases = (
				37A16085151407BF0058600E /* Sources */,
				37A16086151407BF0058600E /* Frameworks */,
				37A16087151407BF0058600E /* Resources */,
				37A160E81514093B0058600E /* ShellScript */,
			);
			buildRules = (
			);
			dependencies = (
			);
			name = radarstatistics;
			productName = radarstatistics;
			productReference = 37A16089151407BF0058600E /* radarstatistics.app */;
			productType = "com.apple.product-type.application";
		};
/* End PBXNativeTarget section */

/* Begin PBXProject section */
		37D16D921513F78000340A73 /* Project object */ = {
			isa = PBXProject;
			attributes = {
				LastUpgradeCheck = 0430;
			};
			buildConfigurationList = 37D16D951513F78000340A73 /* Build configuration list for PBXProject "radarstats" */;
			compatibilityVersion = "Xcode 3.2";
			developmentRegion = English;
			hasScannedForEncodings = 0;
			knownRegions = (
				en,
			);
			mainGroup = 37D16D901513F78000340A73;
			productRefGroup = 37D16D9C1513F78000340A73 /* Products */;
			projectDirPath = "";
			projectRoot = "";
			targets = (
				37A16088151407BF0058600E /* radarstatistics */,
			);
		};
/* End PBXProject section */

/* Begin PBXResourcesBuildPhase section */
		37A16087151407BF0058600E /* Resources */ = {
			isa = PBXResourcesBuildPhase;
			buildActionMask = 2147483647;
			files = (
				37A160CF151408790058600E /* MainMenu.xib in Resources */,
				37A160EC15140A7A0058600E /* radars.json in Resources */,
			);
			runOnlyForDeploymentPostprocessing = 0;
		};
/* End PBXResourcesBuildPhase section */

/* Begin PBXShellScriptBuildPhase section */
		37A160E81514093B0058600E /* ShellScript */ = {
			isa = PBXShellScriptBuildPhase;
			buildActionMask = 2147483647;
			files = (
			);
			inputPaths = (
			);
			outputPaths = (
			);
			runOnlyForDeploymentPostprocessing = 0;
			shellPath = /bin/sh;
			shellScript = "PATH=$PATH:/usr/local/bin mogenerator --model files/Model/Radars.xcdatamodeld/Radars.xcdatamodel --template-var arc=true --machine-dir files/Model/Machine --human-dir files/Model/Human";
		};
/* End PBXShellScriptBuildPhase section */

/* Begin PBXSourcesBuildPhase section */
		37A16085151407BF0058600E /* Sources */ = {
			isa = PBXSourcesBuildPhase;
			buildActionMask = 2147483647;
			files = (
				37A160CB151408790058600E /* AppDelegate.m in Sources */,
				37A160CC151408790058600E /* CoreDataManager.m in Sources */,
				37A160CE151408790058600E /* main.m in Sources */,
				37A160D0151408790058600E /* NSError+MultipleErrorsCombined.m in Sources */,
				37A160D1151408790058600E /* NSFileManager+Etag.m in Sources */,
				37A160D2151408790058600E /* NSFileManager+ExtendedAttributes.m in Sources */,
				37A160D3151408790058600E /* NSFileManager+StandardPaths.m in Sources */,
				37A160E5151409110058600E /* Radar.m in Sources */,
				37A160E6151409110058600E /* _Radar.m in Sources */,
				37A160E7151409110058600E /* Radars.m in Sources */,
				37A160EB1514096D0058600E /* Radars.xcdatamodeld in Sources */,
			);
			runOnlyForDeploymentPostprocessing = 0;
		};
/* End PBXSourcesBuildPhase section */

/* Begin XCBuildConfiguration section */
		37A160A4151407BF0058600E /* Debug */ = {
			isa = XCBuildConfiguration;
			buildSettings = {
				FRAMEWORK_SEARCH_PATHS = (
					"$(inherited)",
					"\"$(SRCROOT)/OCFW/Frameworks/macosx\"",
				);
				GCC_PRECOMPILE_PREFIX_HEADER = YES;
				GCC_PREFIX_HEADER = files/Prefix.pch;
				INFOPLIST_FILE = files/Info.plist;
				OTHER_LDFLAGS = "-ObjC";
				PRODUCT_NAME = "$(TARGET_NAME)";
				WRAPPER_EXTENSION = app;
			};
			name = Debug;
		};
		37A160A5151407BF0058600E /* Release */ = {
			isa = XCBuildConfiguration;
			buildSettings = {
				FRAMEWORK_SEARCH_PATHS = (
					"$(inherited)",
					"\"$(SRCROOT)/OCFW/Frameworks/macosx\"",
				);
				GCC_PRECOMPILE_PREFIX_HEADER = YES;
				GCC_PREFIX_HEADER = files/Prefix.pch;
				INFOPLIST_FILE = files/Info.plist;
				OTHER_LDFLAGS = "-ObjC";
				PRODUCT_NAME = "$(TARGET_NAME)";
				WRAPPER_EXTENSION = app;
			};
			name = Release;
		};
		37D16DA81513F78000340A73 /* Debug */ = {
			isa = XCBuildConfiguration;
			buildSettings = {
				ALWAYS_SEARCH_USER_PATHS = NO;
				ARCHS = "$(ARCHS_STANDARD_64_BIT)";
				CLANG_ENABLE_OBJC_ARC = YES;
				COPY_PHASE_STRIP = NO;
				GCC_C_LANGUAGE_STANDARD = gnu99;
				GCC_DYNAMIC_NO_PIC = NO;
				GCC_ENABLE_OBJC_EXCEPTIONS = YES;
				GCC_OPTIMIZATION_LEVEL = 0;
				GCC_PREPROCESSOR_DEFINITIONS = (
					"DEBUG=1",
					"$(inherited)",
				);
				GCC_SYMBOLS_PRIVATE_EXTERN = NO;
				GCC_VERSION = com.apple.compilers.llvm.clang.1_0;
				GCC_WARN_64_TO_32_BIT_CONVERSION = YES;
				GCC_WARN_ABOUT_RETURN_TYPE = YES;
				GCC_WARN_UNINITIALIZED_AUTOS = YES;
				GCC_WARN_UNUSED_VARIABLE = YES;
				MACOSX_DEPLOYMENT_TARGET = 10.7;
				ONLY_ACTIVE_ARCH = YES;
				SDKROOT = macosx;
			};
			name = Debug;
		};
		37D16DA91513F78000340A73 /* Release */ = {
			isa = XCBuildConfiguration;
			buildSettings = {
				ALWAYS_SEARCH_USER_PATHS = NO;
				ARCHS = "$(ARCHS_STANDARD_64_BIT)";
				CLANG_ENABLE_OBJC_ARC = YES;
				COPY_PHASE_STRIP = YES;
				DEBUG_INFORMATION_FORMAT = "dwarf-with-dsym";
				GCC_C_LANGUAGE_STANDARD = gnu99;
				GCC_ENABLE_OBJC_EXCEPTIONS = YES;
				GCC_VERSION = com.apple.compilers.llvm.clang.1_0;
				GCC_WARN_64_TO_32_BIT_CONVERSION = YES;
				GCC_WARN_ABOUT_RETURN_TYPE = YES;
				GCC_WARN_UNINITIALIZED_AUTOS = YES;
				GCC_WARN_UNUSED_VARIABLE = YES;
				MACOSX_DEPLOYMENT_TARGET = 10.7;
				SDKROOT = macosx;
			};
			name = Release;
		};
/* End XCBuildConfiguration section */

/* Begin XCConfigurationList section */
		37A160A3151407BF0058600E /* Build configuration list for PBXNativeTarget "radarstatistics" */ = {
			isa = XCConfigurationList;
			buildConfigurations = (
				37A160A4151407BF0058600E /* Debug */,
				37A160A5151407BF0058600E /* Release */,
			);
			defaultConfigurationIsVisible = 0;
		};
		37D16D951513F78000340A73 /* Build configuration list for PBXProject "radarstats" */ = {
			isa = XCConfigurationList;
			buildConfigurations = (
				37D16DA81513F78000340A73 /* Debug */,
				37D16DA91513F78000340A73 /* Release */,
			);
			defaultConfigurationIsVisible = 0;
			defaultConfigurationName = Release;
		};
/* End XCConfigurationList section */

/* Begin XCVersionGroup section */
		37A160E91514096D0058600E /* Radars.xcdatamodeld */ = {
			isa = XCVersionGroup;
			children = (
				37A160EA1514096D0058600E /* Radars.xcdatamodel */,
			);
			currentVersion = 37A160EA1514096D0058600E /* Radars.xcdatamodel */;
			path = Radars.xcdatamodeld;
			sourceTree = "<group>";
			versionGroupType = wrapper.xcdatamodel;
		};
/* End XCVersionGroup section */
	};
	rootObject = 37D16D921513F78000340A73 /* Project object */;
}
